
Microsoft Visual Studio Solution File, Format Version 11.00
# Visual Studio 2010
Project("{FAE04EC0-301F-11D3-BF4B-00C04F79EFBC}") = "QvxLib", "QvxLib.csproj", "{D62C2348-5665-4BEE-BB15-129DA288E526}"
EndProject
Global
	GlobalSection(SolutionConfigurationPlatforms) = preSolution
		Debug|Any CPU = Debug|Any CPU
		Release|Any CPU = Release|Any CPU
	EndGlobalSection
	GlobalSection(ProjectConfigurationPlatforms) = postSolution
		{D62C2348-5665-4BEE-BB15-129DA288E526}.Debug|Any CPU.ActiveCfg = Debug|Any CPU
		{D62C2348-5665-4BEE-BB15-129DA288E526}.Debug|Any CPU.Build.0 = Debug|Any CPU
		{D62C2348-5665-4BEE-BB15-129DA288E526}.Release|Any CPU.ActiveCfg = Release|Any CPU
		{D62C2348-5665-4BEE-BB15-129DA288E526}.Release|Any CPU.Build.0 = Release|Any CPU
	EndGlobalSection
	GlobalSection(SolutionProperties) = preSolution
		HideSolutionNode = FALSE
	EndGlobalSection
EndGlobal
